
Microsoft Visual Studio Solution File, Format Version 12.00
# Visual Studio Version 17
VisualStudioVersion = 17.11.35219.272
MinimumVisualStudioVersion = 10.0.40219.1
Project("{8BC9CEB8-8B4A-11D0-8D11-00A0C91BC942}") = "yx", "yx\yx.vcxproj", "{C19FAD53-3B12-4363-9C85-050A6CD23203}"
EndProject
Global
	GlobalSection(SolutionConfigurationPlatforms) = preSolution
		Debug|x64 = Debug|x64
		Debug|x86 = Debug|x86
		Release|x64 = Release|x64
		Release|x86 = Release|x86
	EndGlobalSection
	GlobalSection(ProjectConfigurationPlatforms) = postSolution
		{C19FAD53-3B12-4363-9C85-050A6CD23203}.Debug|x64.ActiveCfg = Debug|x64
		{C19FAD53-3B12-4363-9C85-050A6CD23203}.Debug|x64.Build.0 = Debug|x64
		{C19FAD53-3B12-4363-9C85-050A6CD23203}.Debug|x86.ActiveCfg = Debug|Win32
		{C19FAD53-3B12-4363-9C85-050A6CD23203}.Debug|x86.Build.0 = Debug|Win32
		{C19FAD53-3B12-4363-9C85-050A6CD23203}.Release|x64.ActiveCfg = Release|x64
		{C19FAD53-3B12-4363-9C85-050A6CD23203}.Release|x64.Build.0 = Release|x64
		{C19FAD53-3B12-4363-9C85-050A6CD23203}.Release|x86.ActiveCfg = Release|Win32
		{C19FAD53-3B12-4363-9C85-050A6CD23203}.Release|x86.Build.0 = Release|Win32
	EndGlobalSection
	GlobalSection(SolutionProperties) = preSolution
		HideSolutionNode = FALSE
	EndGlobalSection
	GlobalSection(ExtensibilityGlobals) = postSolution
		SolutionGuid = {73F3A218-A681-453D-92DC-5762B3E19F54}
	EndGlobalSection
EndGlobal
